
Microsoft Visual Studio Solution File, Format Version 12.00
# Visual Studio 15
VisualStudioVersion = 15.0.28307.645
MinimumVisualStudioVersion = 10.0.40219.1
Project("{FAE04EC0-301F-11D3-BF4B-00C04F79EFBC}") = "TaskAPI", "TaskAPI\TaskAPI.csproj", "{3ABEC18B-6A3D-4ECC-B2E5-914FCD03361F}"
EndProject
Project("{FAE04EC0-301F-11D3-BF4B-00C04F79EFBC}") = "TaskAPI.Common", "TaskAPI.Common\TaskAPI.Common.csproj", "{3C19DA84-A503-46B8-B9F8-EA7DA535BF41}"
EndProject
Project("{FAE04EC0-301F-11D3-BF4B-00C04F79EFBC}") = "TaskAPI.Data", "TaskAPI.Data\TaskAPI.Data.csproj", "{F42F8F54-3BC0-406D-947D-95D3F5A14B08}"
EndProject
Project("{FAE04EC0-301F-11D3-BF4B-00C04F79EFBC}") = "TaskAPI.Data.SqlServer", "TaskAPI.Data.SqlServer\TaskAPI.Data.SqlServer.csproj", "{9AED38DF-0395-4C93-8032-193572A8432E}"
EndProject
Project("{FAE04EC0-301F-11D3-BF4B-00C04F79EFBC}") = "TaskAPI.Web.API.Models", "TaskAPI.Web.API.Models\TaskAPI.Web.API.Models.csproj", "{58C9E0F1-72CF-4D31-A5A9-E93BEB344C68}"
EndProject
Project("{FAE04EC0-301F-11D3-BF4B-00C04F79EFBC}") = "TaskAPI.Web.Common", "TaskAPI.Web.Common\TaskAPI.Web.Common.csproj", "{D92A11A9-3CB1-4AC5-85A5-2EB3BD3B1F37}"
EndProject
Project("{FAE04EC0-301F-11D3-BF4B-00C04F79EFBC}") = "TaskAPI.Web.API", "TaskAPI.Web.API\TaskAPI.Web.API.csproj", "{10F28D30-78D1-4470-A593-063CEEE3FC4A}"
EndProject
Project("{00D1A9C2-B5F0-4AF3-8072-F6C62B433612}") = "TaskAPIDb", "TaskAPIDb\TaskAPIDb.sqlproj", "{EC37D531-B3DB-450C-8D9E-A2A87951E726}"
EndProject
Project("{2150E333-8FDC-42A3-9474-1A3956D46DE8}") = "Tests", "Tests", "{4B2614EB-A217-44C9-A143-BAE1DE4F71C6}"
EndProject
Project("{FAE04EC0-301F-11D3-BF4B-00C04F79EFBC}") = "TaskAPI.Common.Tests", "TaskAPI.Common.Tests\TaskAPI.Common.Tests.csproj", "{A008A8FA-6B39-47F3-BD3F-E50BEEB2558D}"
EndProject
Project("{FAE04EC0-301F-11D3-BF4B-00C04F79EFBC}") = "TaskAPI.Data.SqlServer.IntegrationTests", "TaskAPI.Data.SqlServer.IntegrationTests\TaskAPI.Data.SqlServer.IntegrationTests.csproj", "{32447484-9C5B-48B8-8EB3-310CD1F1EF75}"
EndProject
Project("{FAE04EC0-301F-11D3-BF4B-00C04F79EFBC}") = "TaskAPI.Data.Tests", "TaskAPI.Data.Tests\TaskAPI.Data.Tests.csproj", "{CD1E59B8-DE64-4ADB-8F16-32EBAC3493D2}"
EndProject
Project("{FAE04EC0-301F-11D3-BF4B-00C04F79EFBC}") = "TaskAPI.Web.API.IntegrationTests", "TaskAPI.Web.API.IntegrationTests\TaskAPI.Web.API.IntegrationTests.csproj", "{F723173E-13F2-40A2-A14C-4349E06489E5}"
EndProject
Project("{FAE04EC0-301F-11D3-BF4B-00C04F79EFBC}") = "TaskAPI.Web.API.Tests", "TaskAPI.Web.API.Tests\TaskAPI.Web.API.Tests.csproj", "{1167F609-6713-4C2C-ADDD-AB68E1451C68}"
EndProject
Project("{FAE04EC0-301F-11D3-BF4B-00C04F79EFBC}") = "TaskAPI.Web.Common.Tests", "TaskAPI.Web.Common.Tests\TaskAPI.Web.Common.Tests.csproj", "{CF83F1C0-DAB1-4775-98B2-4ECD90014CD0}"
EndProject
Global
	GlobalSection(SolutionConfigurationPlatforms) = preSolution
		Debug|Any CPU = Debug|Any CPU
		Release|Any CPU = Release|Any CPU
	EndGlobalSection
	GlobalSection(ProjectConfigurationPlatforms) = postSolution
		{3ABEC18B-6A3D-4ECC-B2E5-914FCD03361F}.Debug|Any CPU.ActiveCfg = Debug|Any CPU
		{3ABEC18B-6A3D-4ECC-B2E5-914FCD03361F}.Debug|Any CPU.Build.0 = Debug|Any CPU
		{3ABEC18B-6A3D-4ECC-B2E5-914FCD03361F}.Release|Any CPU.ActiveCfg = Release|Any CPU
		{3ABEC18B-6A3D-4ECC-B2E5-914FCD03361F}.Release|Any CPU.Build.0 = Release|Any CPU
		{3C19DA84-A503-46B8-B9F8-EA7DA535BF41}.Debug|Any CPU.ActiveCfg = Debug|Any CPU
		{3C19DA84-A503-46B8-B9F8-EA7DA535BF41}.Debug|Any CPU.Build.0 = Debug|Any CPU
		{3C19DA84-A503-46B8-B9F8-EA7DA535BF41}.Release|Any CPU.ActiveCfg = Release|Any CPU
		{3C19DA84-A503-46B8-B9F8-EA7DA535BF41}.Release|Any CPU.Build.0 = Release|Any CPU
		{F42F8F54-3BC0-406D-947D-95D3F5A14B08}.Debug|Any CPU.ActiveCfg = Debug|Any CPU
		{F42F8F54-3BC0-406D-947D-95D3F5A14B08}.Debug|Any CPU.Build.0 = Debug|Any CPU
		{F42F8F54-3BC0-406D-947D-95D3F5A14B08}.Release|Any CPU.ActiveCfg = Release|Any CPU
		{F42F8F54-3BC0-406D-947D-95D3F5A14B08}.Release|Any CPU.Build.0 = Release|Any CPU
		{9AED38DF-0395-4C93-8032-193572A8432E}.Debug|Any CPU.ActiveCfg = Debug|Any CPU
		{9AED38DF-0395-4C93-8032-193572A8432E}.Debug|Any CPU.Build.0 = Debug|Any CPU
		{9AED38DF-0395-4C93-8032-193572A8432E}.Release|Any CPU.ActiveCfg = Release|Any CPU
		{9AED38DF-0395-4C93-8032-193572A8432E}.Release|Any CPU.Build.0 = Release|Any CPU
		{58C9E0F1-72CF-4D31-A5A9-E93BEB344C68}.Debug|Any CPU.ActiveCfg = Debug|Any CPU
		{58C9E0F1-72CF-4D31-A5A9-E93BEB344C68}.Debug|Any CPU.Build.0 = Debug|Any CPU
		{58C9E0F1-72CF-4D31-A5A9-E93BEB344C68}.Release|Any CPU.ActiveCfg = Release|Any CPU
		{58C9E0F1-72CF-4D31-A5A9-E93BEB344C68}.Release|Any CPU.Build.0 = Release|Any CPU
		{D92A11A9-3CB1-4AC5-85A5-2EB3BD3B1F37}.Debug|Any CPU.ActiveCfg = Debug|Any CPU
		{D92A11A9-3CB1-4AC5-85A5-2EB3BD3B1F37}.Debug|Any CPU.Build.0 = Debug|Any CPU
		{D92A11A9-3CB1-4AC5-85A5-2EB3BD3B1F37}.Release|Any CPU.ActiveCfg = Release|Any CPU
		{D92A11A9-3CB1-4AC5-85A5-2EB3BD3B1F37}.Release|Any CPU.Build.0 = Release|Any CPU
		{10F28D30-78D1-4470-A593-063CEEE3FC4A}.Debug|Any CPU.ActiveCfg = Debug|Any CPU
		{10F28D30-78D1-4470-A593-063CEEE3FC4A}.Debug|Any CPU.Build.0 = Debug|Any CPU
		{10F28D30-78D1-4470-A593-063CEEE3FC4A}.Release|Any CPU.ActiveCfg = Release|Any CPU
		{10F28D30-78D1-4470-A593-063CEEE3FC4A}.Release|Any CPU.Build.0 = Release|Any CPU
		{EC37D531-B3DB-450C-8D9E-A2A87951E726}.Debug|Any CPU.ActiveCfg = Debug|Any CPU
		{EC37D531-B3DB-450C-8D9E-A2A87951E726}.Debug|Any CPU.Build.0 = Debug|Any CPU
		{EC37D531-B3DB-450C-8D9E-A2A87951E726}.Debug|Any CPU.Deploy.0 = Debug|Any CPU
		{EC37D531-B3DB-450C-8D9E-A2A87951E726}.Release|Any CPU.ActiveCfg = Release|Any CPU
		{EC37D531-B3DB-450C-8D9E-A2A87951E726}.Release|Any CPU.Build.0 = Release|Any CPU
		{EC37D531-B3DB-450C-8D9E-A2A87951E726}.Release|Any CPU.Deploy.0 = Release|Any CPU
		{A008A8FA-6B39-47F3-BD3F-E50BEEB2558D}.Debug|Any CPU.ActiveCfg = Debug|Any CPU
		{A008A8FA-6B39-47F3-BD3F-E50BEEB2558D}.Debug|Any CPU.Build.0 = Debug|Any CPU
		{A008A8FA-6B39-47F3-BD3F-E50BEEB2558D}.Release|Any CPU.ActiveCfg = Release|Any CPU
		{A008A8FA-6B39-47F3-BD3F-E50BEEB2558D}.Release|Any CPU.Build.0 = Release|Any CPU
		{32447484-9C5B-48B8-8EB3-310CD1F1EF75}.Debug|Any CPU.ActiveCfg = Debug|Any CPU
		{32447484-9C5B-48B8-8EB3-310CD1F1EF75}.Debug|Any CPU.Build.0 = Debug|Any CPU
		{32447484-9C5B-48B8-8EB3-310CD1F1EF75}.Release|Any CPU.ActiveCfg = Release|Any CPU
		{32447484-9C5B-48B8-8EB3-310CD1F1EF75}.Release|Any CPU.Build.0 = Release|Any CPU
		{CD1E59B8-DE64-4ADB-8F16-32EBAC3493D2}.Debug|Any CPU.ActiveCfg = Debug|Any CPU
		{CD1E59B8-DE64-4ADB-8F16-32EBAC3493D2}.Debug|Any CPU.Build.0 = Debug|Any CPU
		{CD1E59B8-DE64-4ADB-8F16-32EBAC3493D2}.Release|Any CPU.ActiveCfg = Release|Any CPU
		{CD1E59B8-DE64-4ADB-8F16-32EBAC3493D2}.Release|Any CPU.Build.0 = Release|Any CPU
		{F723173E-13F2-40A2-A14C-4349E06489E5}.Debug|Any CPU.ActiveCfg = Debug|Any CPU
		{F723173E-13F2-40A2-A14C-4349E06489E5}.Debug|Any CPU.Build.0 = Debug|Any CPU
		{F723173E-13F2-40A2-A14C-4349E06489E5}.Release|Any CPU.ActiveCfg = Release|Any CPU
		{F723173E-13F2-40A2-A14C-4349E06489E5}.Release|Any CPU.Build.0 = Release|Any CPU
		{1167F609-6713-4C2C-ADDD-AB68E1451C68}.Debug|Any CPU.ActiveCfg = Debug|Any CPU
		{1167F609-6713-4C2C-ADDD-AB68E1451C68}.Debug|Any CPU.Build.0 = Debug|Any CPU
		{1167F609-6713-4C2C-ADDD-AB68E1451C68}.Release|Any CPU.ActiveCfg = Release|Any CPU
		{1167F609-6713-4C2C-ADDD-AB68E1451C68}.Release|Any CPU.Build.0 = Release|Any CPU
		{CF83F1C0-DAB1-4775-98B2-4ECD90014CD0}.Debug|Any CPU.ActiveCfg = Debug|Any CPU
		{CF83F1C0-DAB1-4775-98B2-4ECD90014CD0}.Debug|Any CPU.Build.0 = Debug|Any CPU
		{CF83F1C0-DAB1-4775-98B2-4ECD90014CD0}.Release|Any CPU.ActiveCfg = Release|Any CPU
		{CF83F1C0-DAB1-4775-98B2-4ECD90014CD0}.Release|Any CPU.Build.0 = Release|Any CPU
	EndGlobalSection
	GlobalSection(SolutionProperties) = preSolution
		HideSolutionNode = FALSE
	EndGlobalSection
	GlobalSection(NestedProjects) = preSolution
		{A008A8FA-6B39-47F3-BD3F-E50BEEB2558D} = {4B2614EB-A217-44C9-A143-BAE1DE4F71C6}
		{32447484-9C5B-48B8-8EB3-310CD1F1EF75} = {4B2614EB-A217-44C9-A143-BAE1DE4F71C6}
		{CD1E59B8-DE64-4ADB-8F16-32EBAC3493D2} = {4B2614EB-A217-44C9-A143-BAE1DE4F71C6}
		{F723173E-13F2-40A2-A14C-4349E06489E5} = {4B2614EB-A217-44C9-A143-BAE1DE4F71C6}
		{1167F609-6713-4C2C-ADDD-AB68E1451C68} = {4B2614EB-A217-44C9-A143-BAE1DE4F71C6}
		{CF83F1C0-DAB1-4775-98B2-4ECD90014CD0} = {4B2614EB-A217-44C9-A143-BAE1DE4F71C6}
	EndGlobalSection
	GlobalSection(ExtensibilityGlobals) = postSolution
		SolutionGuid = {17DB1B47-DA03-4C96-9967-DBE1E892260F}
	EndGlobalSection
EndGlobal
